// !$*UTF8*$!
{
	archiveVersion = 1;
	classes = {
	};
	objectVersion = 56;
	objects = {

/* Begin PBXBuildFile section */
		0450E16A2C57C7C70010EE93 /* SnapKit in Frameworks */ = {isa = PBXBuildFile; productRef = 0450E1692C57C7C70010EE93 /* SnapKit */; };
		04B1D5192C546AA3000A9461 /* AppDelegate.swift in Sources */ = {isa = PBXBuildFile; fileRef = 04B1D5182C546AA3000A9461 /* AppDelegate.swift */; };
		04B1D51B2C546AA3000A9461 /* SceneDelegate.swift in Sources */ = {isa = PBXBuildFile; fileRef = 04B1D51A2C546AA3000A9461 /* SceneDelegate.swift */; };
		04B1D5222C546AA4000A9461 /* Assets.xcassets in Resources */ = {isa = PBXBuildFile; fileRef = 04B1D5212C546AA4000A9461 /* Assets.xcassets */; };
		04B1D5252C546AA4000A9461 /* Base in Resources */ = {isa = PBXBuildFile; fileRef = 04B1D5242C546AA4000A9461 /* Base */; };
		04B1D52D2C56B08F000A9461 /* WelcomeViewController.swift in Sources */ = {isa = PBXBuildFile; fileRef = 04B1D52C2C56B08F000A9461 /* WelcomeViewController.swift */; };
		04B1D52F2C56C318000A9461 /* MainViewController.swift in Sources */ = {isa = PBXBuildFile; fileRef = 04B1D52E2C56C318000A9461 /* MainViewController.swift */; };
		4D85107F2C578DA500D42B09 /* CustomFont.swift in Sources */ = {isa = PBXBuildFile; fileRef = 4D85107E2C578DA500D42B09 /* CustomFont.swift */; };
		4D8510812C578DE000D42B09 /* SF-Pro-Display-Bold.otf in Resources */ = {isa = PBXBuildFile; fileRef = 4D8510802C578DE000D42B09 /* SF-Pro-Display-Bold.otf */; };
		4D8510832C578DEA00D42B09 /* SF-Pro-Display-Medium.otf in Resources */ = {isa = PBXBuildFile; fileRef = 4D8510822C578DEA00D42B09 /* SF-Pro-Display-Medium.otf */; };
		4D8510852C578DF400D42B09 /* SF-Pro-Display-Regular.otf in Resources */ = {isa = PBXBuildFile; fileRef = 4D8510842C578DF400D42B09 /* SF-Pro-Display-Regular.otf */; };
		4D8510872C578EED00D42B09 /* WelcomeView.swift in Sources */ = {isa = PBXBuildFile; fileRef = 4D8510862C578EED00D42B09 /* WelcomeView.swift */; };
		7974F6882C5971FF009D5565 /* BorderView.swift in Sources */ = {isa = PBXBuildFile; fileRef = 7974F6872C5971FF009D5565 /* BorderView.swift */; };
		7974F68A2C59767A009D5565 /* SignInStartLabel.swift in Sources */ = {isa = PBXBuildFile; fileRef = 7974F6892C59767A009D5565 /* SignInStartLabel.swift */; };
		79922C0B2C569FAB0041F8BB /* README.md in Resources */ = {isa = PBXBuildFile; fileRef = 79922C0A2C569FAB0041F8BB /* README.md */; };
		79ED8B612C582C1B00F91004 /* SignInViewController.swift in Sources */ = {isa = PBXBuildFile; fileRef = 79ED8B602C582C1B00F91004 /* SignInViewController.swift */; };
/* End PBXBuildFile section */

/* Begin PBXFileReference section */
		04B1D5152C546AA3000A9461 /* RadioApp.app */ = {isa = PBXFileReference; explicitFileType = wrapper.application; includeInIndex = 0; path = RadioApp.app; sourceTree = BUILT_PRODUCTS_DIR; };
		04B1D5182C546AA3000A9461 /* AppDelegate.swift */ = {isa = PBXFileReference; lastKnownFileType = sourcecode.swift; path = AppDelegate.swift; sourceTree = "<group>"; };
		04B1D51A2C546AA3000A9461 /* SceneDelegate.swift */ = {isa = PBXFileReference; lastKnownFileType = sourcecode.swift; path = SceneDelegate.swift; sourceTree = "<group>"; };
		04B1D5212C546AA4000A9461 /* Assets.xcassets */ = {isa = PBXFileReference; lastKnownFileType = folder.assetcatalog; path = Assets.xcassets; sourceTree = "<group>"; };
		04B1D5242C546AA4000A9461 /* Base */ = {isa = PBXFileReference; lastKnownFileType = file.storyboard; name = Base; path = Base.lproj/LaunchScreen.storyboard; sourceTree = "<group>"; };
		04B1D5262C546AA4000A9461 /* Info.plist */ = {isa = PBXFileReference; lastKnownFileType = text.plist.xml; path = Info.plist; sourceTree = "<group>"; };
		04B1D52C2C56B08F000A9461 /* WelcomeViewController.swift */ = {isa = PBXFileReference; fileEncoding = 4; lastKnownFileType = sourcecode.swift; path = WelcomeViewController.swift; sourceTree = "<group>"; };
		04B1D52E2C56C318000A9461 /* MainViewController.swift */ = {isa = PBXFileReference; fileEncoding = 4; lastKnownFileType = sourcecode.swift; path = MainViewController.swift; sourceTree = "<group>"; };
		4D85107E2C578DA500D42B09 /* CustomFont.swift */ = {isa = PBXFileReference; lastKnownFileType = sourcecode.swift; path = CustomFont.swift; sourceTree = "<group>"; };
		4D8510802C578DE000D42B09 /* SF-Pro-Display-Bold.otf */ = {isa = PBXFileReference; lastKnownFileType = file; path = "SF-Pro-Display-Bold.otf"; sourceTree = "<group>"; };
		4D8510822C578DEA00D42B09 /* SF-Pro-Display-Medium.otf */ = {isa = PBXFileReference; lastKnownFileType = file; path = "SF-Pro-Display-Medium.otf"; sourceTree = "<group>"; };
		4D8510842C578DF400D42B09 /* SF-Pro-Display-Regular.otf */ = {isa = PBXFileReference; lastKnownFileType = file; path = "SF-Pro-Display-Regular.otf"; sourceTree = "<group>"; };
		4D8510862C578EED00D42B09 /* WelcomeView.swift */ = {isa = PBXFileReference; lastKnownFileType = sourcecode.swift; path = WelcomeView.swift; sourceTree = "<group>"; };
		7974F6872C5971FF009D5565 /* BorderView.swift */ = {isa = PBXFileReference; lastKnownFileType = sourcecode.swift; path = BorderView.swift; sourceTree = "<group>"; };
		7974F6892C59767A009D5565 /* SignInStartLabel.swift */ = {isa = PBXFileReference; lastKnownFileType = sourcecode.swift; path = SignInStartLabel.swift; sourceTree = "<group>"; };
		79922C0A2C569FAB0041F8BB /* README.md */ = {isa = PBXFileReference; lastKnownFileType = net.daringfireball.markdown; path = README.md; sourceTree = "<group>"; };
		79ED8B602C582C1B00F91004 /* SignInViewController.swift */ = {isa = PBXFileReference; lastKnownFileType = sourcecode.swift; path = SignInViewController.swift; sourceTree = "<group>"; };
/* End PBXFileReference section */

/* Begin PBXFrameworksBuildPhase section */
		04B1D5122C546AA3000A9461 /* Frameworks */ = {
			isa = PBXFrameworksBuildPhase;
			buildActionMask = 2147483647;
			files = (
				0450E16A2C57C7C70010EE93 /* SnapKit in Frameworks */,
			);
			runOnlyForDeploymentPostprocessing = 0;
		};
/* End PBXFrameworksBuildPhase section */

/* Begin PBXGroup section */
		04B1D50C2C546AA3000A9461 = {
			isa = PBXGroup;
			children = (
				79922C0A2C569FAB0041F8BB /* README.md */,
				04B1D5172C546AA3000A9461 /* RadioApp */,
				04B1D5162C546AA3000A9461 /* Products */,
			);
			sourceTree = "<group>";
		};
		04B1D5162C546AA3000A9461 /* Products */ = {
			isa = PBXGroup;
			children = (
				04B1D5152C546AA3000A9461 /* RadioApp.app */,
			);
			name = Products;
			sourceTree = "<group>";
		};
		04B1D5172C546AA3000A9461 /* RadioApp */ = {
			isa = PBXGroup;
			children = (
				04B1D5342C56C790000A9461 /* Supporting Files */,
				04B1D5312C56C76F000A9461 /* Modules */,
				04B1D5302C56C763000A9461 /* App */,
			);
			path = RadioApp;
			sourceTree = "<group>";
		};
		04B1D5302C56C763000A9461 /* App */ = {
			isa = PBXGroup;
			children = (
				04B1D5182C546AA3000A9461 /* AppDelegate.swift */,
				04B1D51A2C546AA3000A9461 /* SceneDelegate.swift */,
			);
			path = App;
			sourceTree = "<group>";
		};
		04B1D5312C56C76F000A9461 /* Modules */ = {
			isa = PBXGroup;
			children = (
				79ED8B5F2C582BFF00F91004 /* Auth */,
				04B1D5322C56C779000A9461 /* Main */,
				04B1D5332C56C783000A9461 /* Welcome */,
			);
			path = Modules;
			sourceTree = "<group>";
		};
		04B1D5322C56C779000A9461 /* Main */ = {
			isa = PBXGroup;
			children = (
				04B1D52E2C56C318000A9461 /* MainViewController.swift */,
			);
			path = Main;
			sourceTree = "<group>";
		};
		04B1D5332C56C783000A9461 /* Welcome */ = {
			isa = PBXGroup;
			children = (
				04B1D52C2C56B08F000A9461 /* WelcomeViewController.swift */,
				4D8510862C578EED00D42B09 /* WelcomeView.swift */,
			);
			path = Welcome;
			sourceTree = "<group>";
		};
		04B1D5342C56C790000A9461 /* Supporting Files */ = {
			isa = PBXGroup;
			children = (
				4D85107D2C578D8B00D42B09 /* Font */,
				04B1D5212C546AA4000A9461 /* Assets.xcassets */,
				04B1D5232C546AA4000A9461 /* LaunchScreen.storyboard */,
				04B1D5262C546AA4000A9461 /* Info.plist */,
			);
			name = "Supporting Files";
			sourceTree = "<group>";
		};
		4D85107D2C578D8B00D42B09 /* Font */ = {
			isa = PBXGroup;
			children = (
				4D8510842C578DF400D42B09 /* SF-Pro-Display-Regular.otf */,
				4D8510822C578DEA00D42B09 /* SF-Pro-Display-Medium.otf */,
				4D8510802C578DE000D42B09 /* SF-Pro-Display-Bold.otf */,
				4D85107E2C578DA500D42B09 /* CustomFont.swift */,
			);
			name = Font;
			sourceTree = "<group>";
		};
		7974F6862C5971BD009D5565 /* Views */ = {
			isa = PBXGroup;
			children = (
				7974F6872C5971FF009D5565 /* BorderView.swift */,
				7974F6892C59767A009D5565 /* SignInStartLabel.swift */,
			);
			path = Views;
			sourceTree = "<group>";
		};
		79ED8B5F2C582BFF00F91004 /* Auth */ = {
			isa = PBXGroup;
			children = (
				7974F6862C5971BD009D5565 /* Views */,
				79ED8B602C582C1B00F91004 /* SignInViewController.swift */,
			);
			path = Auth;
			sourceTree = "<group>";
		};
/* End PBXGroup section */

/* Begin PBXNativeTarget section */
		04B1D5142C546AA3000A9461 /* RadioApp */ = {
			isa = PBXNativeTarget;
			buildConfigurationList = 04B1D5292C546AA4000A9461 /* Build configuration list for PBXNativeTarget "RadioApp" */;
			buildPhases = (
				04B1D5112C546AA3000A9461 /* Sources */,
				04B1D5122C546AA3000A9461 /* Frameworks */,
				04B1D5132C546AA3000A9461 /* Resources */,
			);
			buildRules = (
			);
			dependencies = (
			);
			name = RadioApp;
			packageProductDependencies = (
				0450E1692C57C7C70010EE93 /* SnapKit */,
			);
			productName = RadioApp;
			productReference = 04B1D5152C546AA3000A9461 /* RadioApp.app */;
			productType = "com.apple.product-type.application";
		};
/* End PBXNativeTarget section */

/* Begin PBXProject section */
		04B1D50D2C546AA3000A9461 /* Project object */ = {
			isa = PBXProject;
			attributes = {
				BuildIndependentTargetsInParallel = 1;
				LastSwiftUpdateCheck = 1540;
				LastUpgradeCheck = 1540;
				TargetAttributes = {
					04B1D5142C546AA3000A9461 = {
						CreatedOnToolsVersion = 15.4;
					};
				};
			};
			buildConfigurationList = 04B1D5102C546AA3000A9461 /* Build configuration list for PBXProject "RadioApp" */;
			compatibilityVersion = "Xcode 14.0";
			developmentRegion = en;
			hasScannedForEncodings = 0;
			knownRegions = (
				en,
				Base,
			);
			mainGroup = 04B1D50C2C546AA3000A9461;
			packageReferences = (
				0450E1682C57C7C70010EE93 /* XCRemoteSwiftPackageReference "SnapKit" */,
			);
			productRefGroup = 04B1D5162C546AA3000A9461 /* Products */;
			projectDirPath = "";
			projectRoot = "";
			targets = (
				04B1D5142C546AA3000A9461 /* RadioApp */,
			);
		};
/* End PBXProject section */

/* Begin PBXResourcesBuildPhase section */
		04B1D5132C546AA3000A9461 /* Resources */ = {
			isa = PBXResourcesBuildPhase;
			buildActionMask = 2147483647;
			files = (
				04B1D5222C546AA4000A9461 /* Assets.xcassets in Resources */,
				04B1D5252C546AA4000A9461 /* Base in Resources */,
				4D8510812C578DE000D42B09 /* SF-Pro-Display-Bold.otf in Resources */,
				79922C0B2C569FAB0041F8BB /* README.md in Resources */,
				4D8510852C578DF400D42B09 /* SF-Pro-Display-Regular.otf in Resources */,
				4D8510832C578DEA00D42B09 /* SF-Pro-Display-Medium.otf in Resources */,
			);
			runOnlyForDeploymentPostprocessing = 0;
		};
/* End PBXResourcesBuildPhase section */

/* Begin PBXSourcesBuildPhase section */
		04B1D5112C546AA3000A9461 /* Sources */ = {
			isa = PBXSourcesBuildPhase;
			buildActionMask = 2147483647;
			files = (
				79ED8B612C582C1B00F91004 /* SignInViewController.swift in Sources */,
				4D85107F2C578DA500D42B09 /* CustomFont.swift in Sources */,
				4D8510872C578EED00D42B09 /* WelcomeView.swift in Sources */,
				04B1D52D2C56B08F000A9461 /* WelcomeViewController.swift in Sources */,
				04B1D5192C546AA3000A9461 /* AppDelegate.swift in Sources */,
				04B1D51B2C546AA3000A9461 /* SceneDelegate.swift in Sources */,
				04B1D52F2C56C318000A9461 /* MainViewController.swift in Sources */,
				7974F6882C5971FF009D5565 /* BorderView.swift in Sources */,
				7974F68A2C59767A009D5565 /* SignInStartLabel.swift in Sources */,
			);
			runOnlyForDeploymentPostprocessing = 0;
		};
/* End PBXSourcesBuildPhase section */

/* Begin PBXVariantGroup section */
		04B1D5232C546AA4000A9461 /* LaunchScreen.storyboard */ = {
			isa = PBXVariantGroup;
			children = (
				04B1D5242C546AA4000A9461 /* Base */,
			);
			name = LaunchScreen.storyboard;
			sourceTree = "<group>";
		};
/* End PBXVariantGroup section */

/* Begin XCBuildConfiguration section */
		04B1D5272C546AA4000A9461 /* Debug */ = {
			isa = XCBuildConfiguration;
			buildSettings = {
				ALWAYS_SEARCH_USER_PATHS = NO;
				ASSETCATALOG_COMPILER_GENERATE_SWIFT_ASSET_SYMBOL_EXTENSIONS = YES;
				CLANG_ANALYZER_NONNULL = YES;
				CLANG_ANALYZER_NUMBER_OBJECT_CONVERSION = YES_AGGRESSIVE;
				CLANG_CXX_LANGUAGE_STANDARD = "gnu++20";
				CLANG_ENABLE_MODULES = YES;
				CLANG_ENABLE_OBJC_ARC = YES;
				CLANG_ENABLE_OBJC_WEAK = YES;
				CLANG_WARN_BLOCK_CAPTURE_AUTORELEASING = YES;
				CLANG_WARN_BOOL_CONVERSION = YES;
				CLANG_WARN_COMMA = YES;
				CLANG_WARN_CONSTANT_CONVERSION = YES;
				CLANG_WARN_DEPRECATED_OBJC_IMPLEMENTATIONS = YES;
				CLANG_WARN_DIRECT_OBJC_ISA_USAGE = YES_ERROR;
				CLANG_WARN_DOCUMENTATION_COMMENTS = YES;
				CLANG_WARN_EMPTY_BODY = YES;
				CLANG_WARN_ENUM_CONVERSION = YES;
				CLANG_WARN_INFINITE_RECURSION = YES;
				CLANG_WARN_INT_CONVERSION = YES;
				CLANG_WARN_NON_LITERAL_NULL_CONVERSION = YES;
				CLANG_WARN_OBJC_IMPLICIT_RETAIN_SELF = YES;
				CLANG_WARN_OBJC_LITERAL_CONVERSION = YES;
				CLANG_WARN_OBJC_ROOT_CLASS = YES_ERROR;
				CLANG_WARN_QUOTED_INCLUDE_IN_FRAMEWORK_HEADER = YES;
				CLANG_WARN_RANGE_LOOP_ANALYSIS = YES;
				CLANG_WARN_STRICT_PROTOTYPES = YES;
				CLANG_WARN_SUSPICIOUS_MOVE = YES;
				CLANG_WARN_UNGUARDED_AVAILABILITY = YES_AGGRESSIVE;
				CLANG_WARN_UNREACHABLE_CODE = YES;
				CLANG_WARN__DUPLICATE_METHOD_MATCH = YES;
				COPY_PHASE_STRIP = NO;
				DEBUG_INFORMATION_FORMAT = dwarf;
				ENABLE_STRICT_OBJC_MSGSEND = YES;
				ENABLE_TESTABILITY = YES;
				ENABLE_USER_SCRIPT_SANDBOXING = YES;
				GCC_C_LANGUAGE_STANDARD = gnu17;
				GCC_DYNAMIC_NO_PIC = NO;
				GCC_NO_COMMON_BLOCKS = YES;
				GCC_OPTIMIZATION_LEVEL = 0;
				GCC_PREPROCESSOR_DEFINITIONS = (
					"DEBUG=1",
					"$(inherited)",
				);
				GCC_WARN_64_TO_32_BIT_CONVERSION = YES;
				GCC_WARN_ABOUT_RETURN_TYPE = YES_ERROR;
				GCC_WARN_UNDECLARED_SELECTOR = YES;
				GCC_WARN_UNINITIALIZED_AUTOS = YES_AGGRESSIVE;
				GCC_WARN_UNUSED_FUNCTION = YES;
				GCC_WARN_UNUSED_VARIABLE = YES;
				IPHONEOS_DEPLOYMENT_TARGET = 17.5;
				LOCALIZATION_PREFERS_STRING_CATALOGS = YES;
				MTL_ENABLE_DEBUG_INFO = INCLUDE_SOURCE;
				MTL_FAST_MATH = YES;
				ONLY_ACTIVE_ARCH = YES;
				SDKROOT = iphoneos;
				SWIFT_ACTIVE_COMPILATION_CONDITIONS = "DEBUG $(inherited)";
				SWIFT_OPTIMIZATION_LEVEL = "-Onone";
			};
			name = Debug;
		};
		04B1D5282C546AA4000A9461 /* Release */ = {
			isa = XCBuildConfiguration;
			buildSettings = {
				ALWAYS_SEARCH_USER_PATHS = NO;
				ASSETCATALOG_COMPILER_GENERATE_SWIFT_ASSET_SYMBOL_EXTENSIONS = YES;
				CLANG_ANALYZER_NONNULL = YES;
				CLANG_ANALYZER_NUMBER_OBJECT_CONVERSION = YES_AGGRESSIVE;
				CLANG_CXX_LANGUAGE_STANDARD = "gnu++20";
				CLANG_ENABLE_MODULES = YES;
				CLANG_ENABLE_OBJC_ARC = YES;
				CLANG_ENABLE_OBJC_WEAK = YES;
				CLANG_WARN_BLOCK_CAPTURE_AUTORELEASING = YES;
				CLANG_WARN_BOOL_CONVERSION = YES;
				CLANG_WARN_COMMA = YES;
				CLANG_WARN_CONSTANT_CONVERSION = YES;
				CLANG_WARN_DEPRECATED_OBJC_IMPLEMENTATIONS = YES;
				CLANG_WARN_DIRECT_OBJC_ISA_USAGE = YES_ERROR;
				CLANG_WARN_DOCUMENTATION_COMMENTS = YES;
				CLANG_WARN_EMPTY_BODY = YES;
				CLANG_WARN_ENUM_CONVERSION = YES;
				CLANG_WARN_INFINITE_RECURSION = YES;
				CLANG_WARN_INT_CONVERSION = YES;
				CLANG_WARN_NON_LITERAL_NULL_CONVERSION = YES;
				CLANG_WARN_OBJC_IMPLICIT_RETAIN_SELF = YES;
				CLANG_WARN_OBJC_LITERAL_CONVERSION = YES;
				CLANG_WARN_OBJC_ROOT_CLASS = YES_ERROR;
				CLANG_WARN_QUOTED_INCLUDE_IN_FRAMEWORK_HEADER = YES;
				CLANG_WARN_RANGE_LOOP_ANALYSIS = YES;
				CLANG_WARN_STRICT_PROTOTYPES = YES;
				CLANG_WARN_SUSPICIOUS_MOVE = YES;
				CLANG_WARN_UNGUARDED_AVAILABILITY = YES_AGGRESSIVE;
				CLANG_WARN_UNREACHABLE_CODE = YES;
				CLANG_WARN__DUPLICATE_METHOD_MATCH = YES;
				COPY_PHASE_STRIP = NO;
				DEBUG_INFORMATION_FORMAT = "dwarf-with-dsym";
				ENABLE_NS_ASSERTIONS = NO;
				ENABLE_STRICT_OBJC_MSGSEND = YES;
				ENABLE_USER_SCRIPT_SANDBOXING = YES;
				GCC_C_LANGUAGE_STANDARD = gnu17;
				GCC_NO_COMMON_BLOCKS = YES;
				GCC_WARN_64_TO_32_BIT_CONVERSION = YES;
				GCC_WARN_ABOUT_RETURN_TYPE = YES_ERROR;
				GCC_WARN_UNDECLARED_SELECTOR = YES;
				GCC_WARN_UNINITIALIZED_AUTOS = YES_AGGRESSIVE;
				GCC_WARN_UNUSED_FUNCTION = YES;
				GCC_WARN_UNUSED_VARIABLE = YES;
				IPHONEOS_DEPLOYMENT_TARGET = 17.5;
				LOCALIZATION_PREFERS_STRING_CATALOGS = YES;
				MTL_ENABLE_DEBUG_INFO = NO;
				MTL_FAST_MATH = YES;
				SDKROOT = iphoneos;
				SWIFT_COMPILATION_MODE = wholemodule;
				VALIDATE_PRODUCT = YES;
			};
			name = Release;
		};
		04B1D52A2C546AA4000A9461 /* Debug */ = {
			isa = XCBuildConfiguration;
			buildSettings = {
				ASSETCATALOG_COMPILER_APPICON_NAME = AppIcon;
				ASSETCATALOG_COMPILER_GLOBAL_ACCENT_COLOR_NAME = AccentColor;
				CODE_SIGN_STYLE = Automatic;
				CURRENT_PROJECT_VERSION = 1;
				DEVELOPMENT_TEAM = 723HTEFHBA;
				GENERATE_INFOPLIST_FILE = YES;
				INFOPLIST_FILE = RadioApp/Info.plist;
				INFOPLIST_KEY_UIApplicationSupportsIndirectInputEvents = YES;
				INFOPLIST_KEY_UILaunchStoryboardName = LaunchScreen;
				INFOPLIST_KEY_UISupportedInterfaceOrientations = UIInterfaceOrientationPortrait;
				INFOPLIST_KEY_UISupportedInterfaceOrientations_iPad = "UIInterfaceOrientationLandscapeLeft UIInterfaceOrientationLandscapeRight UIInterfaceOrientationPortrait UIInterfaceOrientationPortraitUpsideDown";
				IPHONEOS_DEPLOYMENT_TARGET = 15.0;
				LD_RUNPATH_SEARCH_PATHS = (
					"$(inherited)",
					"@executable_path/Frameworks",
				);
				MARKETING_VERSION = 0.1.1;
				PRODUCT_BUNDLE_IDENTIFIER = ru.fibeapp.RadioApp;
				PRODUCT_NAME = "$(TARGET_NAME)";
				SWIFT_EMIT_LOC_STRINGS = YES;
				SWIFT_VERSION = 5.0;
				TARGETED_DEVICE_FAMILY = "1,2";
			};
			name = Debug;
		};
		04B1D52B2C546AA4000A9461 /* Release */ = {
			isa = XCBuildConfiguration;
			buildSettings = {
				ASSETCATALOG_COMPILER_APPICON_NAME = AppIcon;
				ASSETCATALOG_COMPILER_GLOBAL_ACCENT_COLOR_NAME = AccentColor;
				CODE_SIGN_STYLE = Automatic;
				CURRENT_PROJECT_VERSION = 1;
				DEVELOPMENT_TEAM = 723HTEFHBA;
				GENERATE_INFOPLIST_FILE = YES;
				INFOPLIST_FILE = RadioApp/Info.plist;
				INFOPLIST_KEY_UIApplicationSupportsIndirectInputEvents = YES;
				INFOPLIST_KEY_UILaunchStoryboardName = LaunchScreen;
				INFOPLIST_KEY_UISupportedInterfaceOrientations = UIInterfaceOrientationPortrait;
				INFOPLIST_KEY_UISupportedInterfaceOrientations_iPad = "UIInterfaceOrientationLandscapeLeft UIInterfaceOrientationLandscapeRight UIInterfaceOrientationPortrait UIInterfaceOrientationPortraitUpsideDown";
				IPHONEOS_DEPLOYMENT_TARGET = 15.0;
				LD_RUNPATH_SEARCH_PATHS = (
					"$(inherited)",
					"@executable_path/Frameworks",
				);
				MARKETING_VERSION = 0.1.1;
				PRODUCT_BUNDLE_IDENTIFIER = ru.fibeapp.RadioApp;
				PRODUCT_NAME = "$(TARGET_NAME)";
				SWIFT_EMIT_LOC_STRINGS = YES;
				SWIFT_VERSION = 5.0;
				TARGETED_DEVICE_FAMILY = "1,2";
			};
			name = Release;
		};
/* End XCBuildConfiguration section */

/* Begin XCConfigurationList section */
		04B1D5102C546AA3000A9461 /* Build configuration list for PBXProject "RadioApp" */ = {
			isa = XCConfigurationList;
			buildConfigurations = (
				04B1D5272C546AA4000A9461 /* Debug */,
				04B1D5282C546AA4000A9461 /* Release */,
			);
			defaultConfigurationIsVisible = 0;
			defaultConfigurationName = Release;
		};
		04B1D5292C546AA4000A9461 /* Build configuration list for PBXNativeTarget "RadioApp" */ = {
			isa = XCConfigurationList;
			buildConfigurations = (
				04B1D52A2C546AA4000A9461 /* Debug */,
				04B1D52B2C546AA4000A9461 /* Release */,
			);
			defaultConfigurationIsVisible = 0;
			defaultConfigurationName = Release;
		};
/* End XCConfigurationList section */

/* Begin XCRemoteSwiftPackageReference section */
		0450E1682C57C7C70010EE93 /* XCRemoteSwiftPackageReference "SnapKit" */ = {
			isa = XCRemoteSwiftPackageReference;
			repositoryURL = "https://github.com/SnapKit/SnapKit.git";
			requirement = {
				kind = upToNextMajorVersion;
				minimumVersion = 5.7.1;
			};
		};
/* End XCRemoteSwiftPackageReference section */

/* Begin XCSwiftPackageProductDependency section */
		0450E1692C57C7C70010EE93 /* SnapKit */ = {
			isa = XCSwiftPackageProductDependency;
			package = 0450E1682C57C7C70010EE93 /* XCRemoteSwiftPackageReference "SnapKit" */;
			productName = SnapKit;
		};
/* End XCSwiftPackageProductDependency section */
	};
	rootObject = 04B1D50D2C546AA3000A9461 /* Project object */;
}
